
Microsoft Visual Studio Solution File, Format Version 12.00
# Visual Studio Version 16
VisualStudioVersion = 16.0.30804.86
MinimumVisualStudioVersion = 10.0.40219.1
Project("{00D1A9C2-B5F0-4AF3-8072-F6C62B433612}") = "Staging", "Staging.sqlproj", "{05241FAF-C44B-4EAA-92C0-D17D82F2AA7E}"
EndProject
Global
	GlobalSection(SolutionConfigurationPlatforms) = preSolution
		Debug|Any CPU = Debug|Any CPU
		Release|Any CPU = Release|Any CPU
	EndGlobalSection
	GlobalSection(ProjectConfigurationPlatforms) = postSolution
		{05241FAF-C44B-4EAA-92C0-D17D82F2AA7E}.Debug|Any CPU.ActiveCfg = Debug|Any CPU
		{05241FAF-C44B-4EAA-92C0-D17D82F2AA7E}.Debug|Any CPU.Build.0 = Debug|Any CPU
		{05241FAF-C44B-4EAA-92C0-D17D82F2AA7E}.Debug|Any CPU.Deploy.0 = Debug|Any CPU
		{05241FAF-C44B-4EAA-92C0-D17D82F2AA7E}.Release|Any CPU.ActiveCfg = Release|Any CPU
		{05241FAF-C44B-4EAA-92C0-D17D82F2AA7E}.Release|Any CPU.Build.0 = Release|Any CPU
		{05241FAF-C44B-4EAA-92C0-D17D82F2AA7E}.Release|Any CPU.Deploy.0 = Release|Any CPU
	EndGlobalSection
	GlobalSection(SolutionProperties) = preSolution
		HideSolutionNode = FALSE
	EndGlobalSection
	GlobalSection(ExtensibilityGlobals) = postSolution
		SolutionGuid = {39977341-3117-4392-B969-96BA5A5E9B52}
	EndGlobalSection
EndGlobal
